
Microsoft Visual Studio Solution File, Format Version 12.00
# Visual Studio Version 17
VisualStudioVersion = 17.4.33403.182
MinimumVisualStudioVersion = 10.0.40219.1
Project("{FAE04EC0-301F-11D3-BF4B-00C04F79EFBC}") = "Station", "Station\Station.csproj", "{8FE2C41C-DC7C-4D00-BF1B-EE0D7085DE04}"
EndProject
Global
	GlobalSection(SolutionConfigurationPlatforms) = preSolution
		Debug|Any CPU = Debug|Any CPU
		Release|Any CPU = Release|Any CPU
	EndGlobalSection
	GlobalSection(ProjectConfigurationPlatforms) = postSolution
		{8FE2C41C-DC7C-4D00-BF1B-EE0D7085DE04}.Debug|Any CPU.ActiveCfg = Debug|Any CPU
		{8FE2C41C-DC7C-4D00-BF1B-EE0D7085DE04}.Debug|Any CPU.Build.0 = Debug|Any CPU
		{8FE2C41C-DC7C-4D00-BF1B-EE0D7085DE04}.Release|Any CPU.ActiveCfg = Release|Any CPU
		{8FE2C41C-DC7C-4D00-BF1B-EE0D7085DE04}.Release|Any CPU.Build.0 = Release|Any CPU
	EndGlobalSection
	GlobalSection(SolutionProperties) = preSolution
		HideSolutionNode = FALSE
	EndGlobalSection
	GlobalSection(ExtensibilityGlobals) = postSolution
		SolutionGuid = {47D89045-461B-4774-A810-D17A2EBCA918}
	EndGlobalSection
EndGlobal
